
Microsoft Visual Studio Solution File, Format Version 12.00
# Visual Studio Version 16
VisualStudioVersion = 16.0.32630.194
MinimumVisualStudioVersion = 10.0.40219.1
Project("{8BC9CEB8-8B4A-11D0-8D11-00A0C91BC942}") = "Mine", "Mine\Mine.vcxproj", "{C8348244-78F2-46B8-BAE4-E3BF6D10F1C7}"
EndProject
Global
	GlobalSection(SolutionConfigurationPlatforms) = preSolution
		Debug|x64 = Debug|x64
		Debug|x86 = Debug|x86
		Release|x64 = Release|x64
		Release|x86 = Release|x86
	EndGlobalSection
	GlobalSection(ProjectConfigurationPlatforms) = postSolution
		{C8348244-78F2-46B8-BAE4-E3BF6D10F1C7}.Debug|x64.ActiveCfg = Debug|x64
		{C8348244-78F2-46B8-BAE4-E3BF6D10F1C7}.Debug|x64.Build.0 = Debug|x64
		{C8348244-78F2-46B8-BAE4-E3BF6D10F1C7}.Debug|x86.ActiveCfg = Debug|Win32
		{C8348244-78F2-46B8-BAE4-E3BF6D10F1C7}.Debug|x86.Build.0 = Debug|Win32
		{C8348244-78F2-46B8-BAE4-E3BF6D10F1C7}.Release|x64.ActiveCfg = Release|x64
		{C8348244-78F2-46B8-BAE4-E3BF6D10F1C7}.Release|x64.Build.0 = Release|x64
		{C8348244-78F2-46B8-BAE4-E3BF6D10F1C7}.Release|x86.ActiveCfg = Release|Win32
		{C8348244-78F2-46B8-BAE4-E3BF6D10F1C7}.Release|x86.Build.0 = Release|Win32
	EndGlobalSection
	GlobalSection(SolutionProperties) = preSolution
		HideSolutionNode = FALSE
	EndGlobalSection
	GlobalSection(ExtensibilityGlobals) = postSolution
		SolutionGuid = {B12F6418-6D9C-4086-8185-433511DB4A8D}
	EndGlobalSection
EndGlobal
